
Microsoft Visual Studio Solution File, Format Version 12.00
# Visual Studio Version 16
VisualStudioVersion = 16.0.29411.108
MinimumVisualStudioVersion = 10.0.40219.1
Project("{9A19103F-16F7-4668-BE54-9A1E7A4F7556}") = "PubSubBroker", "PubSubBroker\PubSubBroker.csproj", "{B19576D5-0233-4992-A9AF-56AA3477659A}"
EndProject
Project("{9A19103F-16F7-4668-BE54-9A1E7A4F7556}") = "Publisher", "Publisher\Publisher.csproj", "{48408B9F-ACEE-488C-9CEA-6D2B9D071FCE}"
EndProject
Project("{FAE04EC0-301F-11D3-BF4B-00C04F79EFBC}") = "Subscriber", "Subscriber\Subscriber.csproj", "{5D3041C8-D273-42C1-82AA-B9729EBE0008}"
EndProject
Global
	GlobalSection(SolutionConfigurationPlatforms) = preSolution
		Debug|Any CPU = Debug|Any CPU
		Release|Any CPU = Release|Any CPU
	EndGlobalSection
	GlobalSection(ProjectConfigurationPlatforms) = postSolution
		{B19576D5-0233-4992-A9AF-56AA3477659A}.Debug|Any CPU.ActiveCfg = Debug|Any CPU
		{B19576D5-0233-4992-A9AF-56AA3477659A}.Debug|Any CPU.Build.0 = Debug|Any CPU
		{B19576D5-0233-4992-A9AF-56AA3477659A}.Release|Any CPU.ActiveCfg = Release|Any CPU
		{B19576D5-0233-4992-A9AF-56AA3477659A}.Release|Any CPU.Build.0 = Release|Any CPU
		{48408B9F-ACEE-488C-9CEA-6D2B9D071FCE}.Debug|Any CPU.ActiveCfg = Debug|Any CPU
		{48408B9F-ACEE-488C-9CEA-6D2B9D071FCE}.Debug|Any CPU.Build.0 = Debug|Any CPU
		{48408B9F-ACEE-488C-9CEA-6D2B9D071FCE}.Release|Any CPU.ActiveCfg = Release|Any CPU
		{48408B9F-ACEE-488C-9CEA-6D2B9D071FCE}.Release|Any CPU.Build.0 = Release|Any CPU
		{5D3041C8-D273-42C1-82AA-B9729EBE0008}.Debug|Any CPU.ActiveCfg = Debug|Any CPU
		{5D3041C8-D273-42C1-82AA-B9729EBE0008}.Debug|Any CPU.Build.0 = Debug|Any CPU
		{5D3041C8-D273-42C1-82AA-B9729EBE0008}.Release|Any CPU.ActiveCfg = Release|Any CPU
		{5D3041C8-D273-42C1-82AA-B9729EBE0008}.Release|Any CPU.Build.0 = Release|Any CPU
	EndGlobalSection
	GlobalSection(SolutionProperties) = preSolution
		HideSolutionNode = FALSE
	EndGlobalSection
	GlobalSection(ExtensibilityGlobals) = postSolution
		SolutionGuid = {E8284872-BB6D-485D-9190-ADD44DFABDCE}
	EndGlobalSection
EndGlobal
